
Microsoft Visual Studio Solution File, Format Version 12.00
# Visual Studio Version 17
VisualStudioVersion = 17.4.33122.133
MinimumVisualStudioVersion = 10.0.40219.1
Project("{2150E333-8FDC-42A3-9474-1A3956D46DE8}") = "Core", "Core", "{DE3246C4-8D4F-4BEF-859F-C550029C5108}"
EndProject
Project("{2150E333-8FDC-42A3-9474-1A3956D46DE8}") = "Infrastructure", "Infrastructure", "{13DEAA8D-9B14-4A5D-97B7-EFFC9FA3DB2B}"
EndProject
Project("{2150E333-8FDC-42A3-9474-1A3956D46DE8}") = "Presentation", "Presentation", "{E33B0B54-6292-4BD1-AB89-BDAD9608E3B8}"
EndProject
Project("{9A19103F-16F7-4668-BE54-9A1E7A4F7556}") = "Api", "Presentation\Api\Api.csproj", "{71A6EFA2-4391-4453-B2F3-698AB5E64900}"
EndProject
Project("{9A19103F-16F7-4668-BE54-9A1E7A4F7556}") = "Application", "Core\Application\Application.csproj", "{9D4B1AF3-A2AB-46EE-82DC-91B5CF61D458}"
EndProject
Project("{9A19103F-16F7-4668-BE54-9A1E7A4F7556}") = "Domain", "Core\Domain\Domain.csproj", "{8BC7BB8A-E09C-4E97-9F95-1137CFFD36B2}"
EndProject
Project("{9A19103F-16F7-4668-BE54-9A1E7A4F7556}") = "Data", "Infrastructure\Data\Data.csproj", "{30049CE0-A327-418A-B44F-640FE89BF4A6}"
EndProject
Project("{9A19103F-16F7-4668-BE54-9A1E7A4F7556}") = "Messaging", "Infrastructure\Messaging\Messaging.csproj", "{2CDE6D42-74BD-4636-9B7F-F9ED80143DCF}"
EndProject
Project("{2150E333-8FDC-42A3-9474-1A3956D46DE8}") = "Tests", "Tests", "{B9993FC0-1F5A-4194-BFC0-5FC0211C43CC}"
EndProject
Project("{9A19103F-16F7-4668-BE54-9A1E7A4F7556}") = "ArchitectureTests", "..\tests\ArchitectureTest\ArchitectureTests.csproj", "{7C948540-510E-4DF3-A314-DAF7E4E01F3E}"
EndProject
Project("{9A19103F-16F7-4668-BE54-9A1E7A4F7556}") = "Infrastructure", "Infrastructure\Infrastructure\Infrastructure.csproj", "{7AE1334A-2EE5-4035-9E5C-26EC2217D2F5}"
EndProject
Project("{2150E333-8FDC-42A3-9474-1A3956D46DE8}") = ".SolutionItems", ".SolutionItems", "{09ED7A46-1E32-478C-AC73-66353474E56A}"
	ProjectSection(SolutionItems) = preProject
		..\LICENSE = ..\LICENSE
		..\nuget.config = ..\nuget.config
		..\README.md = ..\README.md
	EndProjectSection
EndProject
Project("{FAE04EC0-301F-11D3-BF4B-00C04F79EFBC}") = "Application.UnitTests", "..\tests\Application.UnitTests\Application.UnitTests.csproj", "{84EA6D10-EFBC-4996-91A6-60EDF29A4F19}"
EndProject
Global
	GlobalSection(SolutionConfigurationPlatforms) = preSolution
		Debug|Any CPU = Debug|Any CPU
		Release|Any CPU = Release|Any CPU
	EndGlobalSection
	GlobalSection(ProjectConfigurationPlatforms) = postSolution
		{71A6EFA2-4391-4453-B2F3-698AB5E64900}.Debug|Any CPU.ActiveCfg = Debug|Any CPU
		{71A6EFA2-4391-4453-B2F3-698AB5E64900}.Debug|Any CPU.Build.0 = Debug|Any CPU
		{71A6EFA2-4391-4453-B2F3-698AB5E64900}.Release|Any CPU.ActiveCfg = Release|Any CPU
		{71A6EFA2-4391-4453-B2F3-698AB5E64900}.Release|Any CPU.Build.0 = Release|Any CPU
		{9D4B1AF3-A2AB-46EE-82DC-91B5CF61D458}.Debug|Any CPU.ActiveCfg = Debug|Any CPU
		{9D4B1AF3-A2AB-46EE-82DC-91B5CF61D458}.Debug|Any CPU.Build.0 = Debug|Any CPU
		{9D4B1AF3-A2AB-46EE-82DC-91B5CF61D458}.Release|Any CPU.ActiveCfg = Release|Any CPU
		{9D4B1AF3-A2AB-46EE-82DC-91B5CF61D458}.Release|Any CPU.Build.0 = Release|Any CPU
		{8BC7BB8A-E09C-4E97-9F95-1137CFFD36B2}.Debug|Any CPU.ActiveCfg = Debug|Any CPU
		{8BC7BB8A-E09C-4E97-9F95-1137CFFD36B2}.Debug|Any CPU.Build.0 = Debug|Any CPU
		{8BC7BB8A-E09C-4E97-9F95-1137CFFD36B2}.Release|Any CPU.ActiveCfg = Release|Any CPU
		{8BC7BB8A-E09C-4E97-9F95-1137CFFD36B2}.Release|Any CPU.Build.0 = Release|Any CPU
		{30049CE0-A327-418A-B44F-640FE89BF4A6}.Debug|Any CPU.ActiveCfg = Debug|Any CPU
		{30049CE0-A327-418A-B44F-640FE89BF4A6}.Debug|Any CPU.Build.0 = Debug|Any CPU
		{30049CE0-A327-418A-B44F-640FE89BF4A6}.Release|Any CPU.ActiveCfg = Release|Any CPU
		{30049CE0-A327-418A-B44F-640FE89BF4A6}.Release|Any CPU.Build.0 = Release|Any CPU
		{2CDE6D42-74BD-4636-9B7F-F9ED80143DCF}.Debug|Any CPU.ActiveCfg = Debug|Any CPU
		{2CDE6D42-74BD-4636-9B7F-F9ED80143DCF}.Debug|Any CPU.Build.0 = Debug|Any CPU
		{2CDE6D42-74BD-4636-9B7F-F9ED80143DCF}.Release|Any CPU.ActiveCfg = Release|Any CPU
		{2CDE6D42-74BD-4636-9B7F-F9ED80143DCF}.Release|Any CPU.Build.0 = Release|Any CPU
		{7C948540-510E-4DF3-A314-DAF7E4E01F3E}.Debug|Any CPU.ActiveCfg = Debug|Any CPU
		{7C948540-510E-4DF3-A314-DAF7E4E01F3E}.Debug|Any CPU.Build.0 = Debug|Any CPU
		{7C948540-510E-4DF3-A314-DAF7E4E01F3E}.Release|Any CPU.ActiveCfg = Release|Any CPU
		{7C948540-510E-4DF3-A314-DAF7E4E01F3E}.Release|Any CPU.Build.0 = Release|Any CPU
		{7AE1334A-2EE5-4035-9E5C-26EC2217D2F5}.Debug|Any CPU.ActiveCfg = Debug|Any CPU
		{7AE1334A-2EE5-4035-9E5C-26EC2217D2F5}.Debug|Any CPU.Build.0 = Debug|Any CPU
		{7AE1334A-2EE5-4035-9E5C-26EC2217D2F5}.Release|Any CPU.ActiveCfg = Release|Any CPU
		{7AE1334A-2EE5-4035-9E5C-26EC2217D2F5}.Release|Any CPU.Build.0 = Release|Any CPU
		{84EA6D10-EFBC-4996-91A6-60EDF29A4F19}.Debug|Any CPU.ActiveCfg = Debug|Any CPU
		{84EA6D10-EFBC-4996-91A6-60EDF29A4F19}.Debug|Any CPU.Build.0 = Debug|Any CPU
		{84EA6D10-EFBC-4996-91A6-60EDF29A4F19}.Release|Any CPU.ActiveCfg = Release|Any CPU
		{84EA6D10-EFBC-4996-91A6-60EDF29A4F19}.Release|Any CPU.Build.0 = Release|Any CPU
	EndGlobalSection
	GlobalSection(SolutionProperties) = preSolution
		HideSolutionNode = FALSE
	EndGlobalSection
	GlobalSection(NestedProjects) = preSolution
		{71A6EFA2-4391-4453-B2F3-698AB5E64900} = {E33B0B54-6292-4BD1-AB89-BDAD9608E3B8}
		{9D4B1AF3-A2AB-46EE-82DC-91B5CF61D458} = {DE3246C4-8D4F-4BEF-859F-C550029C5108}
		{8BC7BB8A-E09C-4E97-9F95-1137CFFD36B2} = {DE3246C4-8D4F-4BEF-859F-C550029C5108}
		{30049CE0-A327-418A-B44F-640FE89BF4A6} = {13DEAA8D-9B14-4A5D-97B7-EFFC9FA3DB2B}
		{2CDE6D42-74BD-4636-9B7F-F9ED80143DCF} = {13DEAA8D-9B14-4A5D-97B7-EFFC9FA3DB2B}
		{7C948540-510E-4DF3-A314-DAF7E4E01F3E} = {B9993FC0-1F5A-4194-BFC0-5FC0211C43CC}
		{7AE1334A-2EE5-4035-9E5C-26EC2217D2F5} = {13DEAA8D-9B14-4A5D-97B7-EFFC9FA3DB2B}
		{84EA6D10-EFBC-4996-91A6-60EDF29A4F19} = {B9993FC0-1F5A-4194-BFC0-5FC0211C43CC}
	EndGlobalSection
	GlobalSection(ExtensibilityGlobals) = postSolution
		SolutionGuid = {97A38AD0-2F82-4C6D-9FCA-CD5227F2CD26}
	EndGlobalSection
EndGlobal
